
Microsoft Visual Studio Solution File, Format Version 12.00
# Visual Studio Version 17
VisualStudioVersion = 17.3.32811.315
MinimumVisualStudioVersion = 10.0.40219.1
Project("{FAE04EC0-301F-11D3-BF4B-00C04F79EFBC}") = "Projekat1", "Projekat1\Projekat1.csproj", "{6BB99CFA-08BB-4C7E-A7B9-A7B7AC3FE62E}"
EndProject
Global
	GlobalSection(SolutionConfigurationPlatforms) = preSolution
		Debug|Any CPU = Debug|Any CPU
		Release|Any CPU = Release|Any CPU
	EndGlobalSection
	GlobalSection(ProjectConfigurationPlatforms) = postSolution
		{6BB99CFA-08BB-4C7E-A7B9-A7B7AC3FE62E}.Debug|Any CPU.ActiveCfg = Debug|Any CPU
		{6BB99CFA-08BB-4C7E-A7B9-A7B7AC3FE62E}.Debug|Any CPU.Build.0 = Debug|Any CPU
		{6BB99CFA-08BB-4C7E-A7B9-A7B7AC3FE62E}.Release|Any CPU.ActiveCfg = Release|Any CPU
		{6BB99CFA-08BB-4C7E-A7B9-A7B7AC3FE62E}.Release|Any CPU.Build.0 = Release|Any CPU
	EndGlobalSection
	GlobalSection(SolutionProperties) = preSolution
		HideSolutionNode = FALSE
	EndGlobalSection
	GlobalSection(ExtensibilityGlobals) = postSolution
		SolutionGuid = {A2501E6B-0392-4BE6-AF9A-673F9DBED12C}
	EndGlobalSection
EndGlobal
